// !$*UTF8*$!
{
	archiveVersion = 1;
	classes = {
	};
	objectVersion = 56;
	objects = {

/* Begin PBXBuildFile section */
		5451558129F6F34C0041DC1A /* DayBannerRow.swift in Sources */ = {isa = PBXBuildFile; fileRef = 5451558029F6F34C0041DC1A /* DayBannerRow.swift */; };
		5451558329F6F3750041DC1A /* SessionRow.swift in Sources */ = {isa = PBXBuildFile; fileRef = 5451558229F6F3750041DC1A /* SessionRow.swift */; };
		54DFEE7F29F6F60300A17FE8 /* Session.swift in Sources */ = {isa = PBXBuildFile; fileRef = 54DFEE7E29F6F60300A17FE8 /* Session.swift */; };
		54DFEE8129F6F62400A17FE8 /* ScheduleForDay.swift in Sources */ = {isa = PBXBuildFile; fileRef = 54DFEE8029F6F62400A17FE8 /* ScheduleForDay.swift */; };
		54DFEE8329F71EDD00A17FE8 /* StepForwardOneButton.swift in Sources */ = {isa = PBXBuildFile; fileRef = 54DFEE8229F71EDD00A17FE8 /* StepForwardOneButton.swift */; };
		54DFEE8629F7235300A17FE8 /* StepBackwardOneButton.swift in Sources */ = {isa = PBXBuildFile; fileRef = 54DFEE8529F7235300A17FE8 /* StepBackwardOneButton.swift */; };
		54DFEE8829F7A0FC00A17FE8 /* ScheduleStore.swift in Sources */ = {isa = PBXBuildFile; fileRef = 54DFEE8729F7A0FC00A17FE8 /* ScheduleStore.swift */; };
		54DFEE8A29F8F55000A17FE8 /* StepToStartButton.swift in Sources */ = {isa = PBXBuildFile; fileRef = 54DFEE8929F8F55000A17FE8 /* StepToStartButton.swift */; };
		54DFEE8C29F8F67400A17FE8 /* StepToEndButton.swift in Sources */ = {isa = PBXBuildFile; fileRef = 54DFEE8B29F8F67400A17FE8 /* StepToEndButton.swift */; };
		54DFEE8E29F9953D00A17FE8 /* CalendarScrollPicker.swift in Sources */ = {isa = PBXBuildFile; fileRef = 54DFEE8D29F9953D00A17FE8 /* CalendarScrollPicker.swift */; };
		54EAAA9D29FAF45900B2C1FC /* ScrollingCalendarData.swift in Sources */ = {isa = PBXBuildFile; fileRef = 54EAAA9C29FAF45900B2C1FC /* ScrollingCalendarData.swift */; };
		54F35FDC29F1D5E40022BC19 /* ConciergeRebuildTestprojectApp.swift in Sources */ = {isa = PBXBuildFile; fileRef = 54F35FDB29F1D5E40022BC19 /* ConciergeRebuildTestprojectApp.swift */; };
		54F35FDE29F1D5E40022BC19 /* ContentView.swift in Sources */ = {isa = PBXBuildFile; fileRef = 54F35FDD29F1D5E40022BC19 /* ContentView.swift */; };
		54F35FE029F1D5E50022BC19 /* Assets.xcassets in Resources */ = {isa = PBXBuildFile; fileRef = 54F35FDF29F1D5E50022BC19 /* Assets.xcassets */; };
		54F35FE329F1D5E50022BC19 /* Preview Assets.xcassets in Resources */ = {isa = PBXBuildFile; fileRef = 54F35FE229F1D5E50022BC19 /* Preview Assets.xcassets */; };
/* End PBXBuildFile section */

/* Begin PBXFileReference section */
		5451558029F6F34C0041DC1A /* DayBannerRow.swift */ = {isa = PBXFileReference; lastKnownFileType = sourcecode.swift; path = DayBannerRow.swift; sourceTree = "<group>"; };
		5451558229F6F3750041DC1A /* SessionRow.swift */ = {isa = PBXFileReference; lastKnownFileType = sourcecode.swift; path = SessionRow.swift; sourceTree = "<group>"; };
		54DFEE7E29F6F60300A17FE8 /* Session.swift */ = {isa = PBXFileReference; lastKnownFileType = sourcecode.swift; path = Session.swift; sourceTree = "<group>"; };
		54DFEE8029F6F62400A17FE8 /* ScheduleForDay.swift */ = {isa = PBXFileReference; lastKnownFileType = sourcecode.swift; path = ScheduleForDay.swift; sourceTree = "<group>"; };
		54DFEE8229F71EDD00A17FE8 /* StepForwardOneButton.swift */ = {isa = PBXFileReference; lastKnownFileType = sourcecode.swift; name = StepForwardOneButton.swift; path = "ConciergeRebuildTestproject/Views/Transport Buttons/StepForwardOneButton.swift"; sourceTree = SOURCE_ROOT; };
		54DFEE8529F7235300A17FE8 /* StepBackwardOneButton.swift */ = {isa = PBXFileReference; lastKnownFileType = sourcecode.swift; path = StepBackwardOneButton.swift; sourceTree = "<group>"; };
		54DFEE8729F7A0FC00A17FE8 /* ScheduleStore.swift */ = {isa = PBXFileReference; lastKnownFileType = sourcecode.swift; path = ScheduleStore.swift; sourceTree = SOURCE_ROOT; };
		54DFEE8929F8F55000A17FE8 /* StepToStartButton.swift */ = {isa = PBXFileReference; lastKnownFileType = sourcecode.swift; path = StepToStartButton.swift; sourceTree = "<group>"; };
		54DFEE8B29F8F67400A17FE8 /* StepToEndButton.swift */ = {isa = PBXFileReference; lastKnownFileType = sourcecode.swift; path = StepToEndButton.swift; sourceTree = "<group>"; };
		54DFEE8D29F9953D00A17FE8 /* CalendarScrollPicker.swift */ = {isa = PBXFileReference; lastKnownFileType = sourcecode.swift; name = CalendarScrollPicker.swift; path = ConciergeRebuildTestproject/Views/CalendarScrollPicker.swift; sourceTree = SOURCE_ROOT; };
		54EAAA9C29FAF45900B2C1FC /* ScrollingCalendarData.swift */ = {isa = PBXFileReference; lastKnownFileType = sourcecode.swift; path = ScrollingCalendarData.swift; sourceTree = "<group>"; };
		54F35FD829F1D5E40022BC19 /* ConciergeRebuildTestproject.app */ = {isa = PBXFileReference; explicitFileType = wrapper.application; includeInIndex = 0; path = ConciergeRebuildTestproject.app; sourceTree = BUILT_PRODUCTS_DIR; };
		54F35FDB29F1D5E40022BC19 /* ConciergeRebuildTestprojectApp.swift */ = {isa = PBXFileReference; lastKnownFileType = sourcecode.swift; path = ConciergeRebuildTestprojectApp.swift; sourceTree = "<group>"; };
		54F35FDD29F1D5E40022BC19 /* ContentView.swift */ = {isa = PBXFileReference; lastKnownFileType = sourcecode.swift; path = ContentView.swift; sourceTree = "<group>"; };
		54F35FDF29F1D5E50022BC19 /* Assets.xcassets */ = {isa = PBXFileReference; lastKnownFileType = folder.assetcatalog; path = Assets.xcassets; sourceTree = "<group>"; };
		54F35FE229F1D5E50022BC19 /* Preview Assets.xcassets */ = {isa = PBXFileReference; lastKnownFileType = folder.assetcatalog; path = "Preview Assets.xcassets"; sourceTree = "<group>"; };
/* End PBXFileReference section */

/* Begin PBXFrameworksBuildPhase section */
		54F35FD529F1D5E40022BC19 /* Frameworks */ = {
			isa = PBXFrameworksBuildPhase;
			buildActionMask = 2147483647;
			files = (
			);
			runOnlyForDeploymentPostprocessing = 0;
		};
/* End PBXFrameworksBuildPhase section */

/* Begin PBXGroup section */
		54DFEE8429F7231900A17FE8 /* Views */ = {
			isa = PBXGroup;
			children = (
				54EAAA9F29FAF4C500B2C1FC /* Transport Buttons */,
				54DFEE8D29F9953D00A17FE8 /* CalendarScrollPicker.swift */,
				5451558029F6F34C0041DC1A /* DayBannerRow.swift */,
				5451558229F6F3750041DC1A /* SessionRow.swift */,
			);
			path = Views;
			sourceTree = "<group>";
		};
		54EAAA9E29FAF47F00B2C1FC /* Models */ = {
			isa = PBXGroup;
			children = (
				54DFEE7E29F6F60300A17FE8 /* Session.swift */,
				54DFEE8029F6F62400A17FE8 /* ScheduleForDay.swift */,
				54EAAA9C29FAF45900B2C1FC /* ScrollingCalendarData.swift */,
			);
			path = Models;
			sourceTree = "<group>";
		};
		54EAAA9F29FAF4C500B2C1FC /* Transport Buttons */ = {
			isa = PBXGroup;
			children = (
				54DFEE8229F71EDD00A17FE8 /* StepForwardOneButton.swift */,
				54DFEE8B29F8F67400A17FE8 /* StepToEndButton.swift */,
				54DFEE8929F8F55000A17FE8 /* StepToStartButton.swift */,
				54DFEE8529F7235300A17FE8 /* StepBackwardOneButton.swift */,
			);
			path = "Transport Buttons";
			sourceTree = "<group>";
		};
		54F35FCF29F1D5E40022BC19 = {
			isa = PBXGroup;
			children = (
				54F35FDA29F1D5E40022BC19 /* ConciergeRebuildTestproject */,
				54F35FD929F1D5E40022BC19 /* Products */,
			);
			sourceTree = "<group>";
		};
		54F35FD929F1D5E40022BC19 /* Products */ = {
			isa = PBXGroup;
			children = (
				54F35FD829F1D5E40022BC19 /* ConciergeRebuildTestproject.app */,
			);
			name = Products;
			sourceTree = "<group>";
		};
		54F35FDA29F1D5E40022BC19 /* ConciergeRebuildTestproject */ = {
			isa = PBXGroup;
			children = (
				54DFEE8429F7231900A17FE8 /* Views */,
				54F35FDB29F1D5E40022BC19 /* ConciergeRebuildTestprojectApp.swift */,
				54DFEE8729F7A0FC00A17FE8 /* ScheduleStore.swift */,
				54F35FDD29F1D5E40022BC19 /* ContentView.swift */,
				54EAAA9E29FAF47F00B2C1FC /* Models */,
				54F35FDF29F1D5E50022BC19 /* Assets.xcassets */,
				54F35FE129F1D5E50022BC19 /* Preview Content */,
			);
			path = ConciergeRebuildTestproject;
			sourceTree = "<group>";
		};
		54F35FE129F1D5E50022BC19 /* Preview Content */ = {
			isa = PBXGroup;
			children = (
				54F35FE229F1D5E50022BC19 /* Preview Assets.xcassets */,
			);
			path = "Preview Content";
			sourceTree = "<group>";
		};
/* End PBXGroup section */

/* Begin PBXNativeTarget section */
		54F35FD729F1D5E40022BC19 /* ConciergeRebuildTestproject */ = {
			isa = PBXNativeTarget;
			buildConfigurationList = 54F35FE629F1D5E50022BC19 /* Build configuration list for PBXNativeTarget "ConciergeRebuildTestproject" */;
			buildPhases = (
				54F35FD429F1D5E40022BC19 /* Sources */,
				54F35FD529F1D5E40022BC19 /* Frameworks */,
				54F35FD629F1D5E40022BC19 /* Resources */,
			);
			buildRules = (
			);
			dependencies = (
			);
			name = ConciergeRebuildTestproject;
			productName = ConciergeRebuildTestproject;
			productReference = 54F35FD829F1D5E40022BC19 /* ConciergeRebuildTestproject.app */;
			productType = "com.apple.product-type.application";
		};
/* End PBXNativeTarget section */

/* Begin PBXProject section */
		54F35FD029F1D5E40022BC19 /* Project object */ = {
			isa = PBXProject;
			attributes = {
				BuildIndependentTargetsInParallel = 1;
				LastSwiftUpdateCheck = 1420;
				LastUpgradeCheck = 1420;
				TargetAttributes = {
					54F35FD729F1D5E40022BC19 = {
						CreatedOnToolsVersion = 14.2;
					};
				};
			};
			buildConfigurationList = 54F35FD329F1D5E40022BC19 /* Build configuration list for PBXProject "ConciergeRebuildTestproject" */;
			compatibilityVersion = "Xcode 14.0";
			developmentRegion = en;
			hasScannedForEncodings = 0;
			knownRegions = (
				en,
				Base,
			);
			mainGroup = 54F35FCF29F1D5E40022BC19;
			productRefGroup = 54F35FD929F1D5E40022BC19 /* Products */;
			projectDirPath = "";
			projectRoot = "";
			targets = (
				54F35FD729F1D5E40022BC19 /* ConciergeRebuildTestproject */,
			);
		};
/* End PBXProject section */

/* Begin PBXResourcesBuildPhase section */
		54F35FD629F1D5E40022BC19 /* Resources */ = {
			isa = PBXResourcesBuildPhase;
			buildActionMask = 2147483647;
			files = (
				54F35FE329F1D5E50022BC19 /* Preview Assets.xcassets in Resources */,
				54F35FE029F1D5E50022BC19 /* Assets.xcassets in Resources */,
			);
			runOnlyForDeploymentPostprocessing = 0;
		};
/* End PBXResourcesBuildPhase section */

/* Begin PBXSourcesBuildPhase section */
		54F35FD429F1D5E40022BC19 /* Sources */ = {
			isa = PBXSourcesBuildPhase;
			buildActionMask = 2147483647;
			files = (
				54DFEE8E29F9953D00A17FE8 /* CalendarScrollPicker.swift in Sources */,
				54DFEE8829F7A0FC00A17FE8 /* ScheduleStore.swift in Sources */,
				54DFEE7F29F6F60300A17FE8 /* Session.swift in Sources */,
				54EAAA9D29FAF45900B2C1FC /* ScrollingCalendarData.swift in Sources */,
				5451558329F6F3750041DC1A /* SessionRow.swift in Sources */,
				5451558129F6F34C0041DC1A /* DayBannerRow.swift in Sources */,
				54F35FDE29F1D5E40022BC19 /* ContentView.swift in Sources */,
				54DFEE8A29F8F55000A17FE8 /* StepToStartButton.swift in Sources */,
				54F35FDC29F1D5E40022BC19 /* ConciergeRebuildTestprojectApp.swift in Sources */,
				54DFEE8C29F8F67400A17FE8 /* StepToEndButton.swift in Sources */,
				54DFEE8129F6F62400A17FE8 /* ScheduleForDay.swift in Sources */,
				54DFEE8329F71EDD00A17FE8 /* StepForwardOneButton.swift in Sources */,
				54DFEE8629F7235300A17FE8 /* StepBackwardOneButton.swift in Sources */,
			);
			runOnlyForDeploymentPostprocessing = 0;
		};
/* End PBXSourcesBuildPhase section */

/* Begin XCBuildConfiguration section */
		54F35FE429F1D5E50022BC19 /* Debug */ = {
			isa = XCBuildConfiguration;
			buildSettings = {
				ALWAYS_SEARCH_USER_PATHS = NO;
				CLANG_ANALYZER_NONNULL = YES;
				CLANG_ANALYZER_NUMBER_OBJECT_CONVERSION = YES_AGGRESSIVE;
				CLANG_CXX_LANGUAGE_STANDARD = "gnu++20";
				CLANG_ENABLE_MODULES = YES;
				CLANG_ENABLE_OBJC_ARC = YES;
				CLANG_ENABLE_OBJC_WEAK = YES;
				CLANG_WARN_BLOCK_CAPTURE_AUTORELEASING = YES;
				CLANG_WARN_BOOL_CONVERSION = YES;
				CLANG_WARN_COMMA = YES;
				CLANG_WARN_CONSTANT_CONVERSION = YES;
				CLANG_WARN_DEPRECATED_OBJC_IMPLEMENTATIONS = YES;
				CLANG_WARN_DIRECT_OBJC_ISA_USAGE = YES_ERROR;
				CLANG_WARN_DOCUMENTATION_COMMENTS = YES;
				CLANG_WARN_EMPTY_BODY = YES;
				CLANG_WARN_ENUM_CONVERSION = YES;
				CLANG_WARN_INFINITE_RECURSION = YES;
				CLANG_WARN_INT_CONVERSION = YES;
				CLANG_WARN_NON_LITERAL_NULL_CONVERSION = YES;
				CLANG_WARN_OBJC_IMPLICIT_RETAIN_SELF = YES;
				CLANG_WARN_OBJC_LITERAL_CONVERSION = YES;
				CLANG_WARN_OBJC_ROOT_CLASS = YES_ERROR;
				CLANG_WARN_QUOTED_INCLUDE_IN_FRAMEWORK_HEADER = YES;
				CLANG_WARN_RANGE_LOOP_ANALYSIS = YES;
				CLANG_WARN_STRICT_PROTOTYPES = YES;
				CLANG_WARN_SUSPICIOUS_MOVE = YES;
				CLANG_WARN_UNGUARDED_AVAILABILITY = YES_AGGRESSIVE;
				CLANG_WARN_UNREACHABLE_CODE = YES;
				CLANG_WARN__DUPLICATE_METHOD_MATCH = YES;
				COPY_PHASE_STRIP = NO;
				DEBUG_INFORMATION_FORMAT = dwarf;
				ENABLE_STRICT_OBJC_MSGSEND = YES;
				ENABLE_TESTABILITY = YES;
				GCC_C_LANGUAGE_STANDARD = gnu11;
				GCC_DYNAMIC_NO_PIC = NO;
				GCC_NO_COMMON_BLOCKS = YES;
				GCC_OPTIMIZATION_LEVEL = 0;
				GCC_PREPROCESSOR_DEFINITIONS = (
					"DEBUG=1",
					"$(inherited)",
				);
				GCC_WARN_64_TO_32_BIT_CONVERSION = YES;
				GCC_WARN_ABOUT_RETURN_TYPE = YES_ERROR;
				GCC_WARN_UNDECLARED_SELECTOR = YES;
				GCC_WARN_UNINITIALIZED_AUTOS = YES_AGGRESSIVE;
				GCC_WARN_UNUSED_FUNCTION = YES;
				GCC_WARN_UNUSED_VARIABLE = YES;
				IPHONEOS_DEPLOYMENT_TARGET = 16.2;
				MTL_ENABLE_DEBUG_INFO = INCLUDE_SOURCE;
				MTL_FAST_MATH = YES;
				ONLY_ACTIVE_ARCH = YES;
				SDKROOT = iphoneos;
				SWIFT_ACTIVE_COMPILATION_CONDITIONS = DEBUG;
				SWIFT_OPTIMIZATION_LEVEL = "-Onone";
			};
			name = Debug;
		};
		54F35FE529F1D5E50022BC19 /* Release */ = {
			isa = XCBuildConfiguration;
			buildSettings = {
				ALWAYS_SEARCH_USER_PATHS = NO;
				CLANG_ANALYZER_NONNULL = YES;
				CLANG_ANALYZER_NUMBER_OBJECT_CONVERSION = YES_AGGRESSIVE;
				CLANG_CXX_LANGUAGE_STANDARD = "gnu++20";
				CLANG_ENABLE_MODULES = YES;
				CLANG_ENABLE_OBJC_ARC = YES;
				CLANG_ENABLE_OBJC_WEAK = YES;
				CLANG_WARN_BLOCK_CAPTURE_AUTORELEASING = YES;
				CLANG_WARN_BOOL_CONVERSION = YES;
				CLANG_WARN_COMMA = YES;
				CLANG_WARN_CONSTANT_CONVERSION = YES;
				CLANG_WARN_DEPRECATED_OBJC_IMPLEMENTATIONS = YES;
				CLANG_WARN_DIRECT_OBJC_ISA_USAGE = YES_ERROR;
				CLANG_WARN_DOCUMENTATION_COMMENTS = YES;
				CLANG_WARN_EMPTY_BODY = YES;
				CLANG_WARN_ENUM_CONVERSION = YES;
				CLANG_WARN_INFINITE_RECURSION = YES;
				CLANG_WARN_INT_CONVERSION = YES;
				CLANG_WARN_NON_LITERAL_NULL_CONVERSION = YES;
				CLANG_WARN_OBJC_IMPLICIT_RETAIN_SELF = YES;
				CLANG_WARN_OBJC_LITERAL_CONVERSION = YES;
				CLANG_WARN_OBJC_ROOT_CLASS = YES_ERROR;
				CLANG_WARN_QUOTED_INCLUDE_IN_FRAMEWORK_HEADER = YES;
				CLANG_WARN_RANGE_LOOP_ANALYSIS = YES;
				CLANG_WARN_STRICT_PROTOTYPES = YES;
				CLANG_WARN_SUSPICIOUS_MOVE = YES;
				CLANG_WARN_UNGUARDED_AVAILABILITY = YES_AGGRESSIVE;
				CLANG_WARN_UNREACHABLE_CODE = YES;
				CLANG_WARN__DUPLICATE_METHOD_MATCH = YES;
				COPY_PHASE_STRIP = NO;
				DEBUG_INFORMATION_FORMAT = "dwarf-with-dsym";
				ENABLE_NS_ASSERTIONS = NO;
				ENABLE_STRICT_OBJC_MSGSEND = YES;
				GCC_C_LANGUAGE_STANDARD = gnu11;
				GCC_NO_COMMON_BLOCKS = YES;
				GCC_WARN_64_TO_32_BIT_CONVERSION = YES;
				GCC_WARN_ABOUT_RETURN_TYPE = YES_ERROR;
				GCC_WARN_UNDECLARED_SELECTOR = YES;
				GCC_WARN_UNINITIALIZED_AUTOS = YES_AGGRESSIVE;
				GCC_WARN_UNUSED_FUNCTION = YES;
				GCC_WARN_UNUSED_VARIABLE = YES;
				IPHONEOS_DEPLOYMENT_TARGET = 16.2;
				MTL_ENABLE_DEBUG_INFO = NO;
				MTL_FAST_MATH = YES;
				SDKROOT = iphoneos;
				SWIFT_COMPILATION_MODE = wholemodule;
				SWIFT_OPTIMIZATION_LEVEL = "-O";
				VALIDATE_PRODUCT = YES;
			};
			name = Release;
		};
		54F35FE729F1D5E50022BC19 /* Debug */ = {
			isa = XCBuildConfiguration;
			buildSettings = {
				ASSETCATALOG_COMPILER_APPICON_NAME = AppIcon;
				ASSETCATALOG_COMPILER_GLOBAL_ACCENT_COLOR_NAME = AccentColor;
				CODE_SIGN_STYLE = Automatic;
				CURRENT_PROJECT_VERSION = 1;
				DEVELOPMENT_ASSET_PATHS = "\"ConciergeRebuildTestproject/Preview Content\"";
				DEVELOPMENT_TEAM = AVZGHFFGZD;
				ENABLE_PREVIEWS = YES;
				GENERATE_INFOPLIST_FILE = YES;
				INFOPLIST_KEY_UIApplicationSceneManifest_Generation = YES;
				INFOPLIST_KEY_UIApplicationSupportsIndirectInputEvents = YES;
				INFOPLIST_KEY_UILaunchScreen_Generation = YES;
				INFOPLIST_KEY_UISupportedInterfaceOrientations_iPad = "UIInterfaceOrientationPortrait UIInterfaceOrientationPortraitUpsideDown UIInterfaceOrientationLandscapeLeft UIInterfaceOrientationLandscapeRight";
				INFOPLIST_KEY_UISupportedInterfaceOrientations_iPhone = "UIInterfaceOrientationPortrait UIInterfaceOrientationLandscapeLeft UIInterfaceOrientationLandscapeRight";
				LD_RUNPATH_SEARCH_PATHS = (
					"$(inherited)",
					"@executable_path/Frameworks",
				);
				MARKETING_VERSION = 1.0;
				PRODUCT_BUNDLE_IDENTIFIER = robintetley.com.ConciergeRebuildTestproject;
				PRODUCT_NAME = "$(TARGET_NAME)";
				SWIFT_EMIT_LOC_STRINGS = YES;
				SWIFT_VERSION = 5.0;
				TARGETED_DEVICE_FAMILY = "1,2";
			};
			name = Debug;
		};
		54F35FE829F1D5E50022BC19 /* Release */ = {
			isa = XCBuildConfiguration;
			buildSettings = {
				ASSETCATALOG_COMPILER_APPICON_NAME = AppIcon;
				ASSETCATALOG_COMPILER_GLOBAL_ACCENT_COLOR_NAME = AccentColor;
				CODE_SIGN_STYLE = Automatic;
				CURRENT_PROJECT_VERSION = 1;
				DEVELOPMENT_ASSET_PATHS = "\"ConciergeRebuildTestproject/Preview Content\"";
				DEVELOPMENT_TEAM = AVZGHFFGZD;
				ENABLE_PREVIEWS = YES;
				GENERATE_INFOPLIST_FILE = YES;
				INFOPLIST_KEY_UIApplicationSceneManifest_Generation = YES;
				INFOPLIST_KEY_UIApplicationSupportsIndirectInputEvents = YES;
				INFOPLIST_KEY_UILaunchScreen_Generation = YES;
				INFOPLIST_KEY_UISupportedInterfaceOrientations_iPad = "UIInterfaceOrientationPortrait UIInterfaceOrientationPortraitUpsideDown UIInterfaceOrientationLandscapeLeft UIInterfaceOrientationLandscapeRight";
				INFOPLIST_KEY_UISupportedInterfaceOrientations_iPhone = "UIInterfaceOrientationPortrait UIInterfaceOrientationLandscapeLeft UIInterfaceOrientationLandscapeRight";
				LD_RUNPATH_SEARCH_PATHS = (
					"$(inherited)",
					"@executable_path/Frameworks",
				);
				MARKETING_VERSION = 1.0;
				PRODUCT_BUNDLE_IDENTIFIER = robintetley.com.ConciergeRebuildTestproject;
				PRODUCT_NAME = "$(TARGET_NAME)";
				SWIFT_EMIT_LOC_STRINGS = YES;
				SWIFT_VERSION = 5.0;
				TARGETED_DEVICE_FAMILY = "1,2";
			};
			name = Release;
		};
/* End XCBuildConfiguration section */

/* Begin XCConfigurationList section */
		54F35FD329F1D5E40022BC19 /* Build configuration list for PBXProject "ConciergeRebuildTestproject" */ = {
			isa = XCConfigurationList;
			buildConfigurations = (
				54F35FE429F1D5E50022BC19 /* Debug */,
				54F35FE529F1D5E50022BC19 /* Release */,
			);
			defaultConfigurationIsVisible = 0;
			defaultConfigurationName = Release;
		};
		54F35FE629F1D5E50022BC19 /* Build configuration list for PBXNativeTarget "ConciergeRebuildTestproject" */ = {
			isa = XCConfigurationList;
			buildConfigurations = (
				54F35FE729F1D5E50022BC19 /* Debug */,
				54F35FE829F1D5E50022BC19 /* Release */,
			);
			defaultConfigurationIsVisible = 0;
			defaultConfigurationName = Release;
		};
/* End XCConfigurationList section */
	};
	rootObject = 54F35FD029F1D5E40022BC19 /* Project object */;
}
